
Microsoft Visual Studio Solution File, Format Version 12.00
# Visual Studio 2013
VisualStudioVersion = 12.0.21005.1
MinimumVisualStudioVersion = 10.0.40219.1
Project("{FAE04EC0-301F-11D3-BF4B-00C04F79EFBC}") = "Alumini.Core", "Alumini.Core\Alumini.Core.csproj", "{85C45122-4565-4200-89CF-C19C0226BA4F}"
EndProject
Project("{FAE04EC0-301F-11D3-BF4B-00C04F79EFBC}") = "Alumini.Logger", "Alumini.Logger\Alumini.Logger.csproj", "{8D3914EC-1024-45A0-A948-DBD323F6AF55}"
EndProject
Project("{2150E333-8FDC-42A3-9474-1A3956D46DE8}") = "AluminiUtilitites", "AluminiUtilitites", "{7E54C8DD-B274-4192-B13D-102C9E497411}"
EndProject
Project("{2150E333-8FDC-42A3-9474-1A3956D46DE8}") = "AluminiLogging", "AluminiLogging", "{3C1996BA-6D2E-4274-BFC6-7578EFF91F0C}"
EndProject
Project("{2150E333-8FDC-42A3-9474-1A3956D46DE8}") = "AluminiService", "AluminiService", "{A67B51AD-1ED0-4BA4-AC70-DFCB8CAD0A69}"
EndProject
Project("{2150E333-8FDC-42A3-9474-1A3956D46DE8}") = "AluminiRepository", "AluminiRepository", "{1B2252C6-C4B5-43B1-87B7-46F2AAE01010}"
EndProject
Project("{2150E333-8FDC-42A3-9474-1A3956D46DE8}") = "AluminiWebApp", "AluminiWebApp", "{E2C6C903-BED8-4672-9E9D-DFD9C74361B2}"
EndProject
Project("{FAE04EC0-301F-11D3-BF4B-00C04F79EFBC}") = "AluminiRepository", "AluminiRepository\AluminiRepository.csproj", "{B636D1C9-A4A8-4E7E-B737-5A16B82697D4}"
EndProject
Project("{FAE04EC0-301F-11D3-BF4B-00C04F79EFBC}") = "AluminiService", "AluminiService\AluminiService.csproj", "{BC0CADD2-ED18-4841-A404-38C932AA6540}"
EndProject
Project("{FAE04EC0-301F-11D3-BF4B-00C04F79EFBC}") = "AluminiWebApp", "AluminiWebApp\AluminiWebApp.csproj", "{C3DA5371-9D7A-4D60-A2AF-73387CAFA05F}"
EndProject
Project("{FAE04EC0-301F-11D3-BF4B-00C04F79EFBC}") = "AluminiLogging.Test", "AluminiLogging.Test\AluminiLogging.Test.csproj", "{871EB5AE-2887-4247-AEAD-7EBC5DAE8082}"
EndProject
Project("{FAE04EC0-301F-11D3-BF4B-00C04F79EFBC}") = "AluminiRepository.Test", "AluminiRepository.Test\AluminiRepository.Test.csproj", "{5B74494D-0676-4D55-92DD-CC7409FED42A}"
EndProject
Project("{FAE04EC0-301F-11D3-BF4B-00C04F79EFBC}") = "AluminiService.Test", "AluminiService.Test\AluminiService.Test.csproj", "{74E09381-DA4C-4D9E-A7E0-DCC7F2D2A54B}"
EndProject
Project("{FAE04EC0-301F-11D3-BF4B-00C04F79EFBC}") = "AluminiWebApp.Test", "AluminiWebApp.Test\AluminiWebApp.Test.csproj", "{4218DE32-F40C-4907-AD2D-0843828E4ACD}"
EndProject
Project("{2150E333-8FDC-42A3-9474-1A3956D46DE8}") = "AluminiDatabaseScript", "AluminiDatabaseScript", "{7E8DED5F-10BA-4F92-9D9D-8FE53575FAD0}"
EndProject
Project("{00D1A9C2-B5F0-4AF3-8072-F6C62B433612}") = "AluminiDatabase", "AluminiDatabase\AluminiDatabase.sqlproj", "{926D8463-5796-4626-B197-B8822CFE8306}"
EndProject
Global
	GlobalSection(SolutionConfigurationPlatforms) = preSolution
		Debug|Any CPU = Debug|Any CPU
		Release|Any CPU = Release|Any CPU
	EndGlobalSection
	GlobalSection(ProjectConfigurationPlatforms) = postSolution
		{85C45122-4565-4200-89CF-C19C0226BA4F}.Debug|Any CPU.ActiveCfg = Debug|Any CPU
		{85C45122-4565-4200-89CF-C19C0226BA4F}.Debug|Any CPU.Build.0 = Debug|Any CPU
		{85C45122-4565-4200-89CF-C19C0226BA4F}.Release|Any CPU.ActiveCfg = Release|Any CPU
		{85C45122-4565-4200-89CF-C19C0226BA4F}.Release|Any CPU.Build.0 = Release|Any CPU
		{8D3914EC-1024-45A0-A948-DBD323F6AF55}.Debug|Any CPU.ActiveCfg = Debug|Any CPU
		{8D3914EC-1024-45A0-A948-DBD323F6AF55}.Debug|Any CPU.Build.0 = Debug|Any CPU
		{8D3914EC-1024-45A0-A948-DBD323F6AF55}.Release|Any CPU.ActiveCfg = Release|Any CPU
		{8D3914EC-1024-45A0-A948-DBD323F6AF55}.Release|Any CPU.Build.0 = Release|Any CPU
		{B636D1C9-A4A8-4E7E-B737-5A16B82697D4}.Debug|Any CPU.ActiveCfg = Debug|Any CPU
		{B636D1C9-A4A8-4E7E-B737-5A16B82697D4}.Debug|Any CPU.Build.0 = Debug|Any CPU
		{B636D1C9-A4A8-4E7E-B737-5A16B82697D4}.Release|Any CPU.ActiveCfg = Release|Any CPU
		{B636D1C9-A4A8-4E7E-B737-5A16B82697D4}.Release|Any CPU.Build.0 = Release|Any CPU
		{BC0CADD2-ED18-4841-A404-38C932AA6540}.Debug|Any CPU.ActiveCfg = Debug|Any CPU
		{BC0CADD2-ED18-4841-A404-38C932AA6540}.Debug|Any CPU.Build.0 = Debug|Any CPU
		{BC0CADD2-ED18-4841-A404-38C932AA6540}.Release|Any CPU.ActiveCfg = Release|Any CPU
		{BC0CADD2-ED18-4841-A404-38C932AA6540}.Release|Any CPU.Build.0 = Release|Any CPU
		{C3DA5371-9D7A-4D60-A2AF-73387CAFA05F}.Debug|Any CPU.ActiveCfg = Debug|Any CPU
		{C3DA5371-9D7A-4D60-A2AF-73387CAFA05F}.Debug|Any CPU.Build.0 = Debug|Any CPU
		{C3DA5371-9D7A-4D60-A2AF-73387CAFA05F}.Release|Any CPU.ActiveCfg = Release|Any CPU
		{C3DA5371-9D7A-4D60-A2AF-73387CAFA05F}.Release|Any CPU.Build.0 = Release|Any CPU
		{871EB5AE-2887-4247-AEAD-7EBC5DAE8082}.Debug|Any CPU.ActiveCfg = Debug|Any CPU
		{871EB5AE-2887-4247-AEAD-7EBC5DAE8082}.Debug|Any CPU.Build.0 = Debug|Any CPU
		{871EB5AE-2887-4247-AEAD-7EBC5DAE8082}.Release|Any CPU.ActiveCfg = Release|Any CPU
		{871EB5AE-2887-4247-AEAD-7EBC5DAE8082}.Release|Any CPU.Build.0 = Release|Any CPU
		{5B74494D-0676-4D55-92DD-CC7409FED42A}.Debug|Any CPU.ActiveCfg = Debug|Any CPU
		{5B74494D-0676-4D55-92DD-CC7409FED42A}.Debug|Any CPU.Build.0 = Debug|Any CPU
		{5B74494D-0676-4D55-92DD-CC7409FED42A}.Release|Any CPU.ActiveCfg = Release|Any CPU
		{5B74494D-0676-4D55-92DD-CC7409FED42A}.Release|Any CPU.Build.0 = Release|Any CPU
		{74E09381-DA4C-4D9E-A7E0-DCC7F2D2A54B}.Debug|Any CPU.ActiveCfg = Debug|Any CPU
		{74E09381-DA4C-4D9E-A7E0-DCC7F2D2A54B}.Debug|Any CPU.Build.0 = Debug|Any CPU
		{74E09381-DA4C-4D9E-A7E0-DCC7F2D2A54B}.Release|Any CPU.ActiveCfg = Release|Any CPU
		{74E09381-DA4C-4D9E-A7E0-DCC7F2D2A54B}.Release|Any CPU.Build.0 = Release|Any CPU
		{4218DE32-F40C-4907-AD2D-0843828E4ACD}.Debug|Any CPU.ActiveCfg = Debug|Any CPU
		{4218DE32-F40C-4907-AD2D-0843828E4ACD}.Debug|Any CPU.Build.0 = Debug|Any CPU
		{4218DE32-F40C-4907-AD2D-0843828E4ACD}.Release|Any CPU.ActiveCfg = Release|Any CPU
		{4218DE32-F40C-4907-AD2D-0843828E4ACD}.Release|Any CPU.Build.0 = Release|Any CPU
		{926D8463-5796-4626-B197-B8822CFE8306}.Debug|Any CPU.ActiveCfg = Debug|Any CPU
		{926D8463-5796-4626-B197-B8822CFE8306}.Debug|Any CPU.Build.0 = Debug|Any CPU
		{926D8463-5796-4626-B197-B8822CFE8306}.Debug|Any CPU.Deploy.0 = Debug|Any CPU
		{926D8463-5796-4626-B197-B8822CFE8306}.Release|Any CPU.ActiveCfg = Release|Any CPU
		{926D8463-5796-4626-B197-B8822CFE8306}.Release|Any CPU.Build.0 = Release|Any CPU
		{926D8463-5796-4626-B197-B8822CFE8306}.Release|Any CPU.Deploy.0 = Release|Any CPU
	EndGlobalSection
	GlobalSection(SolutionProperties) = preSolution
		HideSolutionNode = FALSE
	EndGlobalSection
	GlobalSection(NestedProjects) = preSolution
		{85C45122-4565-4200-89CF-C19C0226BA4F} = {7E54C8DD-B274-4192-B13D-102C9E497411}
		{8D3914EC-1024-45A0-A948-DBD323F6AF55} = {3C1996BA-6D2E-4274-BFC6-7578EFF91F0C}
		{871EB5AE-2887-4247-AEAD-7EBC5DAE8082} = {3C1996BA-6D2E-4274-BFC6-7578EFF91F0C}
		{BC0CADD2-ED18-4841-A404-38C932AA6540} = {A67B51AD-1ED0-4BA4-AC70-DFCB8CAD0A69}
		{74E09381-DA4C-4D9E-A7E0-DCC7F2D2A54B} = {A67B51AD-1ED0-4BA4-AC70-DFCB8CAD0A69}
		{B636D1C9-A4A8-4E7E-B737-5A16B82697D4} = {1B2252C6-C4B5-43B1-87B7-46F2AAE01010}
		{5B74494D-0676-4D55-92DD-CC7409FED42A} = {1B2252C6-C4B5-43B1-87B7-46F2AAE01010}
		{C3DA5371-9D7A-4D60-A2AF-73387CAFA05F} = {E2C6C903-BED8-4672-9E9D-DFD9C74361B2}
		{4218DE32-F40C-4907-AD2D-0843828E4ACD} = {E2C6C903-BED8-4672-9E9D-DFD9C74361B2}
		{926D8463-5796-4626-B197-B8822CFE8306} = {7E8DED5F-10BA-4F92-9D9D-8FE53575FAD0}
	EndGlobalSection
EndGlobal
